
Microsoft Visual Studio Solution File, Format Version 12.00
# Visual Studio 2012
Project("{9092AA53-FB77-4645-B42D-1CCCA6BD08BD}") = "NodejsApp1", "NodejsApp1.njsproj", "{A0DBCE13-F908-45ED-BEA8-57DCCB4E6BBD}"
EndProject
Global
	GlobalSection(SolutionConfigurationPlatforms) = preSolution
		Debug|Any CPU = Debug|Any CPU
		Release|Any CPU = Release|Any CPU
	EndGlobalSection
	GlobalSection(ProjectConfigurationPlatforms) = postSolution
		{A0DBCE13-F908-45ED-BEA8-57DCCB4E6BBD}.Debug|Any CPU.ActiveCfg = Debug|Any CPU
		{A0DBCE13-F908-45ED-BEA8-57DCCB4E6BBD}.Debug|Any CPU.Build.0 = Debug|Any CPU
		{A0DBCE13-F908-45ED-BEA8-57DCCB4E6BBD}.Release|Any CPU.ActiveCfg = Release|Any CPU
		{A0DBCE13-F908-45ED-BEA8-57DCCB4E6BBD}.Release|Any CPU.Build.0 = Release|Any CPU
	EndGlobalSection
	GlobalSection(SolutionProperties) = preSolution
		HideSolutionNode = FALSE
	EndGlobalSection
EndGlobal
